
Microsoft Visual Studio Solution File, Format Version 12.00
Project("{FAE04EC0-301F-11D3-BF4B-00C04F79EFBC}") = "Anti Console Anti IAuth", "Anti Console Anti IAuth\Anti Console Anti IAuth.csproj", "{9380A8AD-6818-492C-8AF5-AD3BEF3BEDA1}"
EndProject
Global
	GlobalSection(SolutionConfigurationPlatforms) = preSolution
		Debug|Any CPU = Debug|Any CPU
		Release|Any CPU = Release|Any CPU
	EndGlobalSection
	GlobalSection(ProjectConfigurationPlatforms) = postSolution
		{9380A8AD-6818-492C-8AF5-AD3BEF3BEDA1}.Debug|Any CPU.ActiveCfg = Debug|Any CPU
		{9380A8AD-6818-492C-8AF5-AD3BEF3BEDA1}.Debug|Any CPU.Build.0 = Debug|Any CPU
		{9380A8AD-6818-492C-8AF5-AD3BEF3BEDA1}.Release|Any CPU.ActiveCfg = Release|Any CPU
		{9380A8AD-6818-492C-8AF5-AD3BEF3BEDA1}.Release|Any CPU.Build.0 = Release|Any CPU
	EndGlobalSection
EndGlobal
